
Microsoft Visual Studio Solution File, Format Version 12.00
# Visual Studio 15
VisualStudioVersion = 15.0.28307.757
MinimumVisualStudioVersion = 10.0.40219.1
Project("{8BC9CEB8-8B4A-11D0-8D11-00A0C91BC942}") = "GameApp", "WindowsProject\WindowsProject.vcxproj", "{4AE070C6-02C8-446B-A928-005203A2788F}"
	ProjectSection(ProjectDependencies) = postProject
		{79D7042F-1CDB-4F09-A983-A2F7396FBC71} = {79D7042F-1CDB-4F09-A983-A2F7396FBC71}
	EndProjectSection
EndProject
Project("{8BC9CEB8-8B4A-11D0-8D11-00A0C91BC942}") = "3D Engine(win)", "Platform(win)\Platform(win).vcxproj", "{79D7042F-1CDB-4F09-A983-A2F7396FBC71}"
EndProject
Global
	GlobalSection(SolutionConfigurationPlatforms) = preSolution
		Debug|x64 = Debug|x64
		Debug|x86 = Debug|x86
		Release|x64 = Release|x64
		Release|x86 = Release|x86
	EndGlobalSection
	GlobalSection(ProjectConfigurationPlatforms) = postSolution
		{4AE070C6-02C8-446B-A928-005203A2788F}.Debug|x64.ActiveCfg = Debug|x64
		{4AE070C6-02C8-446B-A928-005203A2788F}.Debug|x64.Build.0 = Debug|x64
		{4AE070C6-02C8-446B-A928-005203A2788F}.Debug|x86.ActiveCfg = Debug|Win32
		{4AE070C6-02C8-446B-A928-005203A2788F}.Debug|x86.Build.0 = Debug|Win32
		{4AE070C6-02C8-446B-A928-005203A2788F}.Release|x64.ActiveCfg = Release|x64
		{4AE070C6-02C8-446B-A928-005203A2788F}.Release|x64.Build.0 = Release|x64
		{4AE070C6-02C8-446B-A928-005203A2788F}.Release|x86.ActiveCfg = Release|Win32
		{4AE070C6-02C8-446B-A928-005203A2788F}.Release|x86.Build.0 = Release|Win32
		{79D7042F-1CDB-4F09-A983-A2F7396FBC71}.Debug|x64.ActiveCfg = Debug|x64
		{79D7042F-1CDB-4F09-A983-A2F7396FBC71}.Debug|x64.Build.0 = Debug|x64
		{79D7042F-1CDB-4F09-A983-A2F7396FBC71}.Debug|x86.ActiveCfg = Debug|Win32
		{79D7042F-1CDB-4F09-A983-A2F7396FBC71}.Debug|x86.Build.0 = Debug|Win32
		{79D7042F-1CDB-4F09-A983-A2F7396FBC71}.Release|x64.ActiveCfg = Release|x64
		{79D7042F-1CDB-4F09-A983-A2F7396FBC71}.Release|x64.Build.0 = Release|x64
		{79D7042F-1CDB-4F09-A983-A2F7396FBC71}.Release|x86.ActiveCfg = Release|Win32
		{79D7042F-1CDB-4F09-A983-A2F7396FBC71}.Release|x86.Build.0 = Release|Win32
	EndGlobalSection
	GlobalSection(SolutionProperties) = preSolution
		HideSolutionNode = FALSE
	EndGlobalSection
	GlobalSection(ExtensibilityGlobals) = postSolution
		SolutionGuid = {C9B9797E-4742-4B7F-ADC4-5D378BF29EDF}
	EndGlobalSection
EndGlobal
